// !$*UTF8*$!
{
	archiveVersion = 1;
	classes = {
	};
	objectVersion = 46;
	objects = {

/* Begin PBXBuildFile section */
		13003F1F1B6F4F9B005ECFE8 /* main.m in Sources */ = {isa = PBXBuildFile; fileRef = 13003F1E1B6F4F9B005ECFE8 /* main.m */; };
		13003F221B6F4F9B005ECFE8 /* TLAppDelegate.m in Sources */ = {isa = PBXBuildFile; fileRef = 13003F211B6F4F9B005ECFE8 /* TLAppDelegate.m */; };
		13003F251B6F4F9B005ECFE8 /* TLMainViewController.m in Sources */ = {isa = PBXBuildFile; fileRef = 13003F241B6F4F9B005ECFE8 /* TLMainViewController.m */; };
		13003F281B6F4F9B005ECFE8 /* Main.storyboard in Resources */ = {isa = PBXBuildFile; fileRef = 13003F261B6F4F9B005ECFE8 /* Main.storyboard */; };
		13003F2A1B6F4F9B005ECFE8 /* Images.xcassets in Resources */ = {isa = PBXBuildFile; fileRef = 13003F291B6F4F9B005ECFE8 /* Images.xcassets */; };
		13003F2D1B6F4F9B005ECFE8 /* LaunchScreen.xib in Resources */ = {isa = PBXBuildFile; fileRef = 13003F2B1B6F4F9B005ECFE8 /* LaunchScreen.xib */; };
		13003F391B6F4F9B005ECFE8 /* TLCycleScrollViewTests.m in Sources */ = {isa = PBXBuildFile; fileRef = 13003F381B6F4F9B005ECFE8 /* TLCycleScrollViewTests.m */; };
		13003F461B6F566E005ECFE8 /* data.json in Resources */ = {isa = PBXBuildFile; fileRef = 13003F451B6F566E005ECFE8 /* data.json */; };
		13003F651B6F5E79005ECFE8 /* NSData+ImageContentType.m in Sources */ = {isa = PBXBuildFile; fileRef = 13003F491B6F5E79005ECFE8 /* NSData+ImageContentType.m */; };
		13003F661B6F5E79005ECFE8 /* SDImageCache.m in Sources */ = {isa = PBXBuildFile; fileRef = 13003F4B1B6F5E79005ECFE8 /* SDImageCache.m */; };
		13003F671B6F5E79005ECFE8 /* SDWebImageCompat.m in Sources */ = {isa = PBXBuildFile; fileRef = 13003F4D1B6F5E79005ECFE8 /* SDWebImageCompat.m */; };
		13003F681B6F5E79005ECFE8 /* SDWebImageDecoder.m in Sources */ = {isa = PBXBuildFile; fileRef = 13003F4F1B6F5E79005ECFE8 /* SDWebImageDecoder.m */; };
		13003F691B6F5E79005ECFE8 /* SDWebImageDownloader.m in Sources */ = {isa = PBXBuildFile; fileRef = 13003F511B6F5E79005ECFE8 /* SDWebImageDownloader.m */; };
		13003F6A1B6F5E79005ECFE8 /* SDWebImageDownloaderOperation.m in Sources */ = {isa = PBXBuildFile; fileRef = 13003F531B6F5E79005ECFE8 /* SDWebImageDownloaderOperation.m */; };
		13003F6B1B6F5E79005ECFE8 /* SDWebImageManager.m in Sources */ = {isa = PBXBuildFile; fileRef = 13003F551B6F5E79005ECFE8 /* SDWebImageManager.m */; };
		13003F6C1B6F5E79005ECFE8 /* SDWebImagePrefetcher.m in Sources */ = {isa = PBXBuildFile; fileRef = 13003F581B6F5E79005ECFE8 /* SDWebImagePrefetcher.m */; };
		13003F6D1B6F5E79005ECFE8 /* UIButton+WebCache.m in Sources */ = {isa = PBXBuildFile; fileRef = 13003F5A1B6F5E79005ECFE8 /* UIButton+WebCache.m */; };
		13003F6E1B6F5E79005ECFE8 /* UIImage+GIF.m in Sources */ = {isa = PBXBuildFile; fileRef = 13003F5C1B6F5E79005ECFE8 /* UIImage+GIF.m */; };
		13003F6F1B6F5E79005ECFE8 /* UIImage+MultiFormat.m in Sources */ = {isa = PBXBuildFile; fileRef = 13003F5E1B6F5E79005ECFE8 /* UIImage+MultiFormat.m */; };
		13003F701B6F5E79005ECFE8 /* UIImageView+HighlightedWebCache.m in Sources */ = {isa = PBXBuildFile; fileRef = 13003F601B6F5E79005ECFE8 /* UIImageView+HighlightedWebCache.m */; };
		13003F711B6F5E79005ECFE8 /* UIImageView+WebCache.m in Sources */ = {isa = PBXBuildFile; fileRef = 13003F621B6F5E79005ECFE8 /* UIImageView+WebCache.m */; };
		13003F721B6F5E79005ECFE8 /* UIView+WebCacheOperation.m in Sources */ = {isa = PBXBuildFile; fileRef = 13003F641B6F5E79005ECFE8 /* UIView+WebCacheOperation.m */; };
		1306C8091B71B0F900E559CF /* TLCycleScrollView.m in Sources */ = {isa = PBXBuildFile; fileRef = 1306C8081B71B0F900E559CF /* TLCycleScrollView.m */; };
		13E6BF861B7062A5007546C5 /* UIImageView+SDWebImage.m in Sources */ = {isa = PBXBuildFile; fileRef = 13E6BF851B7062A5007546C5 /* UIImageView+SDWebImage.m */; };
/* End PBXBuildFile section */

/* Begin PBXContainerItemProxy section */
		13003F331B6F4F9B005ECFE8 /* PBXContainerItemProxy */ = {
			isa = PBXContainerItemProxy;
			containerPortal = 13003F111B6F4F9B005ECFE8 /* Project object */;
			proxyType = 1;
			remoteGlobalIDString = 13003F181B6F4F9B005ECFE8;
			remoteInfo = TLCycleScrollView;
		};
/* End PBXContainerItemProxy section */

/* Begin PBXFileReference section */
		13003F191B6F4F9B005ECFE8 /* TLCycleScrollView.app */ = {isa = PBXFileReference; explicitFileType = wrapper.application; includeInIndex = 0; path = TLCycleScrollView.app; sourceTree = BUILT_PRODUCTS_DIR; };
		13003F1D1B6F4F9B005ECFE8 /* Info.plist */ = {isa = PBXFileReference; lastKnownFileType = text.plist.xml; path = Info.plist; sourceTree = "<group>"; };
		13003F1E1B6F4F9B005ECFE8 /* main.m */ = {isa = PBXFileReference; lastKnownFileType = sourcecode.c.objc; path = main.m; sourceTree = "<group>"; };
		13003F201B6F4F9B005ECFE8 /* TLAppDelegate.h */ = {isa = PBXFileReference; lastKnownFileType = sourcecode.c.h; path = TLAppDelegate.h; sourceTree = "<group>"; };
		13003F211B6F4F9B005ECFE8 /* TLAppDelegate.m */ = {isa = PBXFileReference; lastKnownFileType = sourcecode.c.objc; path = TLAppDelegate.m; sourceTree = "<group>"; };
		13003F231B6F4F9B005ECFE8 /* TLMainViewController.h */ = {isa = PBXFileReference; lastKnownFileType = sourcecode.c.h; path = TLMainViewController.h; sourceTree = "<group>"; };
		13003F241B6F4F9B005ECFE8 /* TLMainViewController.m */ = {isa = PBXFileReference; lastKnownFileType = sourcecode.c.objc; path = TLMainViewController.m; sourceTree = "<group>"; };
		13003F271B6F4F9B005ECFE8 /* Base */ = {isa = PBXFileReference; lastKnownFileType = file.storyboard; name = Base; path = Base.lproj/Main.storyboard; sourceTree = "<group>"; };
		13003F291B6F4F9B005ECFE8 /* Images.xcassets */ = {isa = PBXFileReference; lastKnownFileType = folder.assetcatalog; path = Images.xcassets; sourceTree = "<group>"; };
		13003F2C1B6F4F9B005ECFE8 /* Base */ = {isa = PBXFileReference; lastKnownFileType = file.xib; name = Base; path = Base.lproj/LaunchScreen.xib; sourceTree = "<group>"; };
		13003F321B6F4F9B005ECFE8 /* TLCycleScrollViewTests.xctest */ = {isa = PBXFileReference; explicitFileType = wrapper.cfbundle; includeInIndex = 0; path = TLCycleScrollViewTests.xctest; sourceTree = BUILT_PRODUCTS_DIR; };
		13003F371B6F4F9B005ECFE8 /* Info.plist */ = {isa = PBXFileReference; lastKnownFileType = text.plist.xml; path = Info.plist; sourceTree = "<group>"; };
		13003F381B6F4F9B005ECFE8 /* TLCycleScrollViewTests.m */ = {isa = PBXFileReference; lastKnownFileType = sourcecode.c.objc; path = TLCycleScrollViewTests.m; sourceTree = "<group>"; };
		13003F451B6F566E005ECFE8 /* data.json */ = {isa = PBXFileReference; fileEncoding = 4; lastKnownFileType = text.json; path = data.json; sourceTree = "<group>"; };
		13003F481B6F5E79005ECFE8 /* NSData+ImageContentType.h */ = {isa = PBXFileReference; fileEncoding = 4; lastKnownFileType = sourcecode.c.h; path = "NSData+ImageContentType.h"; sourceTree = "<group>"; };
		13003F491B6F5E79005ECFE8 /* NSData+ImageContentType.m */ = {isa = PBXFileReference; fileEncoding = 4; lastKnownFileType = sourcecode.c.objc; path = "NSData+ImageContentType.m"; sourceTree = "<group>"; };
		13003F4A1B6F5E79005ECFE8 /* SDImageCache.h */ = {isa = PBXFileReference; fileEncoding = 4; lastKnownFileType = sourcecode.c.h; path = SDImageCache.h; sourceTree = "<group>"; };
		13003F4B1B6F5E79005ECFE8 /* SDImageCache.m */ = {isa = PBXFileReference; fileEncoding = 4; lastKnownFileType = sourcecode.c.objc; path = SDImageCache.m; sourceTree = "<group>"; };
		13003F4C1B6F5E79005ECFE8 /* SDWebImageCompat.h */ = {isa = PBXFileReference; fileEncoding = 4; lastKnownFileType = sourcecode.c.h; path = SDWebImageCompat.h; sourceTree = "<group>"; };
		13003F4D1B6F5E79005ECFE8 /* SDWebImageCompat.m */ = {isa = PBXFileReference; fileEncoding = 4; lastKnownFileType = sourcecode.c.objc; path = SDWebImageCompat.m; sourceTree = "<group>"; };
		13003F4E1B6F5E79005ECFE8 /* SDWebImageDecoder.h */ = {isa = PBXFileReference; fileEncoding = 4; lastKnownFileType = sourcecode.c.h; path = SDWebImageDecoder.h; sourceTree = "<group>"; };
		13003F4F1B6F5E79005ECFE8 /* SDWebImageDecoder.m */ = {isa = PBXFileReference; fileEncoding = 4; lastKnownFileType = sourcecode.c.objc; path = SDWebImageDecoder.m; sourceTree = "<group>"; };
		13003F501B6F5E79005ECFE8 /* SDWebImageDownloader.h */ = {isa = PBXFileReference; fileEncoding = 4; lastKnownFileType = sourcecode.c.h; path = SDWebImageDownloader.h; sourceTree = "<group>"; };
		13003F511B6F5E79005ECFE8 /* SDWebImageDownloader.m */ = {isa = PBXFileReference; fileEncoding = 4; lastKnownFileType = sourcecode.c.objc; path = SDWebImageDownloader.m; sourceTree = "<group>"; };
		13003F521B6F5E79005ECFE8 /* SDWebImageDownloaderOperation.h */ = {isa = PBXFileReference; fileEncoding = 4; lastKnownFileType = sourcecode.c.h; path = SDWebImageDownloaderOperation.h; sourceTree = "<group>"; };
		13003F531B6F5E79005ECFE8 /* SDWebImageDownloaderOperation.m */ = {isa = PBXFileReference; fileEncoding = 4; lastKnownFileType = sourcecode.c.objc; path = SDWebImageDownloaderOperation.m; sourceTree = "<group>"; };
		13003F541B6F5E79005ECFE8 /* SDWebImageManager.h */ = {isa = PBXFileReference; fileEncoding = 4; lastKnownFileType = sourcecode.c.h; path = SDWebImageManager.h; sourceTree = "<group>"; };
		13003F551B6F5E79005ECFE8 /* SDWebImageManager.m */ = {isa = PBXFileReference; fileEncoding = 4; lastKnownFileType = sourcecode.c.objc; path = SDWebImageManager.m; sourceTree = "<group>"; };
		13003F561B6F5E79005ECFE8 /* SDWebImageOperation.h */ = {isa = PBXFileReference; fileEncoding = 4; lastKnownFileType = sourcecode.c.h; path = SDWebImageOperation.h; sourceTree = "<group>"; };
		13003F571B6F5E79005ECFE8 /* SDWebImagePrefetcher.h */ = {isa = PBXFileReference; fileEncoding = 4; lastKnownFileType = sourcecode.c.h; path = SDWebImagePrefetcher.h; sourceTree = "<group>"; };
		13003F581B6F5E79005ECFE8 /* SDWebImagePrefetcher.m */ = {isa = PBXFileReference; fileEncoding = 4; lastKnownFileType = sourcecode.c.objc; path = SDWebImagePrefetcher.m; sourceTree = "<group>"; };
		13003F591B6F5E79005ECFE8 /* UIButton+WebCache.h */ = {isa = PBXFileReference; fileEncoding = 4; lastKnownFileType = sourcecode.c.h; path = "UIButton+WebCache.h"; sourceTree = "<group>"; };
		13003F5A1B6F5E79005ECFE8 /* UIButton+WebCache.m */ = {isa = PBXFileReference; fileEncoding = 4; lastKnownFileType = sourcecode.c.objc; path = "UIButton+WebCache.m"; sourceTree = "<group>"; };
		13003F5B1B6F5E79005ECFE8 /* UIImage+GIF.h */ = {isa = PBXFileReference; fileEncoding = 4; lastKnownFileType = sourcecode.c.h; path = "UIImage+GIF.h"; sourceTree = "<group>"; };
		13003F5C1B6F5E79005ECFE8 /* UIImage+GIF.m */ = {isa = PBXFileReference; fileEncoding = 4; lastKnownFileType = sourcecode.c.objc; path = "UIImage+GIF.m"; sourceTree = "<group>"; };
		13003F5D1B6F5E79005ECFE8 /* UIImage+MultiFormat.h */ = {isa = PBXFileReference; fileEncoding = 4; lastKnownFileType = sourcecode.c.h; path = "UIImage+MultiFormat.h"; sourceTree = "<group>"; };
		13003F5E1B6F5E79005ECFE8 /* UIImage+MultiFormat.m */ = {isa = PBXFileReference; fileEncoding = 4; lastKnownFileType = sourcecode.c.objc; path = "UIImage+MultiFormat.m"; sourceTree = "<group>"; };
		13003F5F1B6F5E79005ECFE8 /* UIImageView+HighlightedWebCache.h */ = {isa = PBXFileReference; fileEncoding = 4; lastKnownFileType = sourcecode.c.h; path = "UIImageView+HighlightedWebCache.h"; sourceTree = "<group>"; };
		13003F601B6F5E79005ECFE8 /* UIImageView+HighlightedWebCache.m */ = {isa = PBXFileReference; fileEncoding = 4; lastKnownFileType = sourcecode.c.objc; path = "UIImageView+HighlightedWebCache.m"; sourceTree = "<group>"; };
		13003F611B6F5E79005ECFE8 /* UIImageView+WebCache.h */ = {isa = PBXFileReference; fileEncoding = 4; lastKnownFileType = sourcecode.c.h; path = "UIImageView+WebCache.h"; sourceTree = "<group>"; };
		13003F621B6F5E79005ECFE8 /* UIImageView+WebCache.m */ = {isa = PBXFileReference; fileEncoding = 4; lastKnownFileType = sourcecode.c.objc; path = "UIImageView+WebCache.m"; sourceTree = "<group>"; };
		13003F631B6F5E79005ECFE8 /* UIView+WebCacheOperation.h */ = {isa = PBXFileReference; fileEncoding = 4; lastKnownFileType = sourcecode.c.h; path = "UIView+WebCacheOperation.h"; sourceTree = "<group>"; };
		13003F641B6F5E79005ECFE8 /* UIView+WebCacheOperation.m */ = {isa = PBXFileReference; fileEncoding = 4; lastKnownFileType = sourcecode.c.objc; path = "UIView+WebCacheOperation.m"; sourceTree = "<group>"; };
		1306C8071B71B0F900E559CF /* TLCycleScrollView.h */ = {isa = PBXFileReference; fileEncoding = 4; lastKnownFileType = sourcecode.c.h; path = TLCycleScrollView.h; sourceTree = "<group>"; };
		1306C8081B71B0F900E559CF /* TLCycleScrollView.m */ = {isa = PBXFileReference; fileEncoding = 4; lastKnownFileType = sourcecode.c.objc; path = TLCycleScrollView.m; sourceTree = "<group>"; };
		13E6BF841B7062A5007546C5 /* UIImageView+SDWebImage.h */ = {isa = PBXFileReference; fileEncoding = 4; lastKnownFileType = sourcecode.c.h; path = "UIImageView+SDWebImage.h"; sourceTree = "<group>"; };
		13E6BF851B7062A5007546C5 /* UIImageView+SDWebImage.m */ = {isa = PBXFileReference; fileEncoding = 4; lastKnownFileType = sourcecode.c.objc; path = "UIImageView+SDWebImage.m"; sourceTree = "<group>"; };
/* End PBXFileReference section */

/* Begin PBXFrameworksBuildPhase section */
		13003F161B6F4F9B005ECFE8 /* Frameworks */ = {
			isa = PBXFrameworksBuildPhase;
			buildActionMask = 2147483647;
			files = (
			);
			runOnlyForDeploymentPostprocessing = 0;
		};
		13003F2F1B6F4F9B005ECFE8 /* Frameworks */ = {
			isa = PBXFrameworksBuildPhase;
			buildActionMask = 2147483647;
			files = (
			);
			runOnlyForDeploymentPostprocessing = 0;
		};
/* End PBXFrameworksBuildPhase section */

/* Begin PBXGroup section */
		13003F101B6F4F9B005ECFE8 = {
			isa = PBXGroup;
			children = (
				13003F1B1B6F4F9B005ECFE8 /* TLCycleScrollView */,
				13003F351B6F4F9B005ECFE8 /* TLCycleScrollViewTests */,
				13003F1A1B6F4F9B005ECFE8 /* Products */,
			);
			sourceTree = "<group>";
		};
		13003F1A1B6F4F9B005ECFE8 /* Products */ = {
			isa = PBXGroup;
			children = (
				13003F191B6F4F9B005ECFE8 /* TLCycleScrollView.app */,
				13003F321B6F4F9B005ECFE8 /* TLCycleScrollViewTests.xctest */,
			);
			name = Products;
			sourceTree = "<group>";
		};
		13003F1B1B6F4F9B005ECFE8 /* TLCycleScrollView */ = {
			isa = PBXGroup;
			children = (
				13003F731B6F65C8005ECFE8 /* TL */,
				13003F201B6F4F9B005ECFE8 /* TLAppDelegate.h */,
				13003F211B6F4F9B005ECFE8 /* TLAppDelegate.m */,
				13003F231B6F4F9B005ECFE8 /* TLMainViewController.h */,
				13003F241B6F4F9B005ECFE8 /* TLMainViewController.m */,
				13003F261B6F4F9B005ECFE8 /* Main.storyboard */,
				13003F291B6F4F9B005ECFE8 /* Images.xcassets */,
				13003F2B1B6F4F9B005ECFE8 /* LaunchScreen.xib */,
				13003F1C1B6F4F9B005ECFE8 /* Supporting Files */,
			);
			path = TLCycleScrollView;
			sourceTree = "<group>";
		};
		13003F1C1B6F4F9B005ECFE8 /* Supporting Files */ = {
			isa = PBXGroup;
			children = (
				13003F471B6F5E67005ECFE8 /* SDWebImage */,
				13003F451B6F566E005ECFE8 /* data.json */,
				13003F1D1B6F4F9B005ECFE8 /* Info.plist */,
				13003F1E1B6F4F9B005ECFE8 /* main.m */,
			);
			name = "Supporting Files";
			sourceTree = "<group>";
		};
		13003F351B6F4F9B005ECFE8 /* TLCycleScrollViewTests */ = {
			isa = PBXGroup;
			children = (
				13003F381B6F4F9B005ECFE8 /* TLCycleScrollViewTests.m */,
				13003F361B6F4F9B005ECFE8 /* Supporting Files */,
			);
			path = TLCycleScrollViewTests;
			sourceTree = "<group>";
		};
		13003F361B6F4F9B005ECFE8 /* Supporting Files */ = {
			isa = PBXGroup;
			children = (
				13003F371B6F4F9B005ECFE8 /* Info.plist */,
			);
			name = "Supporting Files";
			sourceTree = "<group>";
		};
		13003F471B6F5E67005ECFE8 /* SDWebImage */ = {
			isa = PBXGroup;
			children = (
				13003F481B6F5E79005ECFE8 /* NSData+ImageContentType.h */,
				13003F491B6F5E79005ECFE8 /* NSData+ImageContentType.m */,
				13003F4A1B6F5E79005ECFE8 /* SDImageCache.h */,
				13003F4B1B6F5E79005ECFE8 /* SDImageCache.m */,
				13003F4C1B6F5E79005ECFE8 /* SDWebImageCompat.h */,
				13003F4D1B6F5E79005ECFE8 /* SDWebImageCompat.m */,
				13003F4E1B6F5E79005ECFE8 /* SDWebImageDecoder.h */,
				13003F4F1B6F5E79005ECFE8 /* SDWebImageDecoder.m */,
				13003F501B6F5E79005ECFE8 /* SDWebImageDownloader.h */,
				13003F511B6F5E79005ECFE8 /* SDWebImageDownloader.m */,
				13003F521B6F5E79005ECFE8 /* SDWebImageDownloaderOperation.h */,
				13003F531B6F5E79005ECFE8 /* SDWebImageDownloaderOperation.m */,
				13003F541B6F5E79005ECFE8 /* SDWebImageManager.h */,
				13003F551B6F5E79005ECFE8 /* SDWebImageManager.m */,
				13003F561B6F5E79005ECFE8 /* SDWebImageOperation.h */,
				13003F571B6F5E79005ECFE8 /* SDWebImagePrefetcher.h */,
				13003F581B6F5E79005ECFE8 /* SDWebImagePrefetcher.m */,
				13003F591B6F5E79005ECFE8 /* UIButton+WebCache.h */,
				13003F5A1B6F5E79005ECFE8 /* UIButton+WebCache.m */,
				13003F5B1B6F5E79005ECFE8 /* UIImage+GIF.h */,
				13003F5C1B6F5E79005ECFE8 /* UIImage+GIF.m */,
				13003F5D1B6F5E79005ECFE8 /* UIImage+MultiFormat.h */,
				13003F5E1B6F5E79005ECFE8 /* UIImage+MultiFormat.m */,
				13003F5F1B6F5E79005ECFE8 /* UIImageView+HighlightedWebCache.h */,
				13003F601B6F5E79005ECFE8 /* UIImageView+HighlightedWebCache.m */,
				13003F611B6F5E79005ECFE8 /* UIImageView+WebCache.h */,
				13003F621B6F5E79005ECFE8 /* UIImageView+WebCache.m */,
				13003F631B6F5E79005ECFE8 /* UIView+WebCacheOperation.h */,
				13003F641B6F5E79005ECFE8 /* UIView+WebCacheOperation.m */,
			);
			name = SDWebImage;
			sourceTree = "<group>";
		};
		13003F731B6F65C8005ECFE8 /* TL */ = {
			isa = PBXGroup;
			children = (
				1306C8071B71B0F900E559CF /* TLCycleScrollView.h */,
				1306C8081B71B0F900E559CF /* TLCycleScrollView.m */,
				13E6BF841B7062A5007546C5 /* UIImageView+SDWebImage.h */,
				13E6BF851B7062A5007546C5 /* UIImageView+SDWebImage.m */,
			);
			name = TL;
			sourceTree = "<group>";
		};
/* End PBXGroup section */

/* Begin PBXNativeTarget section */
		13003F181B6F4F9B005ECFE8 /* TLCycleScrollView */ = {
			isa = PBXNativeTarget;
			buildConfigurationList = 13003F3C1B6F4F9B005ECFE8 /* Build configuration list for PBXNativeTarget "TLCycleScrollView" */;
			buildPhases = (
				13003F151B6F4F9B005ECFE8 /* Sources */,
				13003F161B6F4F9B005ECFE8 /* Frameworks */,
				13003F171B6F4F9B005ECFE8 /* Resources */,
			);
			buildRules = (
			);
			dependencies = (
			);
			name = TLCycleScrollView;
			productName = TLCycleScrollView;
			productReference = 13003F191B6F4F9B005ECFE8 /* TLCycleScrollView.app */;
			productType = "com.apple.product-type.application";
		};
		13003F311B6F4F9B005ECFE8 /* TLCycleScrollViewTests */ = {
			isa = PBXNativeTarget;
			buildConfigurationList = 13003F3F1B6F4F9B005ECFE8 /* Build configuration list for PBXNativeTarget "TLCycleScrollViewTests" */;
			buildPhases = (
				13003F2E1B6F4F9B005ECFE8 /* Sources */,
				13003F2F1B6F4F9B005ECFE8 /* Frameworks */,
				13003F301B6F4F9B005ECFE8 /* Resources */,
			);
			buildRules = (
			);
			dependencies = (
				13003F341B6F4F9B005ECFE8 /* PBXTargetDependency */,
			);
			name = TLCycleScrollViewTests;
			productName = TLCycleScrollViewTests;
			productReference = 13003F321B6F4F9B005ECFE8 /* TLCycleScrollViewTests.xctest */;
			productType = "com.apple.product-type.bundle.unit-test";
		};
/* End PBXNativeTarget section */

/* Begin PBXProject section */
		13003F111B6F4F9B005ECFE8 /* Project object */ = {
			isa = PBXProject;
			attributes = {
				LastUpgradeCheck = 0640;
				ORGANIZATIONNAME = andezhou;
				TargetAttributes = {
					13003F181B6F4F9B005ECFE8 = {
						CreatedOnToolsVersion = 6.4;
					};
					13003F311B6F4F9B005ECFE8 = {
						CreatedOnToolsVersion = 6.4;
						TestTargetID = 13003F181B6F4F9B005ECFE8;
					};
				};
			};
			buildConfigurationList = 13003F141B6F4F9B005ECFE8 /* Build configuration list for PBXProject "TLCycleScrollView" */;
			compatibilityVersion = "Xcode 3.2";
			developmentRegion = English;
			hasScannedForEncodings = 0;
			knownRegions = (
				en,
				Base,
			);
			mainGroup = 13003F101B6F4F9B005ECFE8;
			productRefGroup = 13003F1A1B6F4F9B005ECFE8 /* Products */;
			projectDirPath = "";
			projectRoot = "";
			targets = (
				13003F181B6F4F9B005ECFE8 /* TLCycleScrollView */,
				13003F311B6F4F9B005ECFE8 /* TLCycleScrollViewTests */,
			);
		};
/* End PBXProject section */

/* Begin PBXResourcesBuildPhase section */
		13003F171B6F4F9B005ECFE8 /* Resources */ = {
			isa = PBXResourcesBuildPhase;
			buildActionMask = 2147483647;
			files = (
				13003F281B6F4F9B005ECFE8 /* Main.storyboard in Resources */,
				13003F2D1B6F4F9B005ECFE8 /* LaunchScreen.xib in Resources */,
				13003F2A1B6F4F9B005ECFE8 /* Images.xcassets in Resources */,
				13003F461B6F566E005ECFE8 /* data.json in Resources */,
			);
			runOnlyForDeploymentPostprocessing = 0;
		};
		13003F301B6F4F9B005ECFE8 /* Resources */ = {
			isa = PBXResourcesBuildPhase;
			buildActionMask = 2147483647;
			files = (
			);
			runOnlyForDeploymentPostprocessing = 0;
		};
/* End PBXResourcesBuildPhase section */

/* Begin PBXSourcesBuildPhase section */
		13003F151B6F4F9B005ECFE8 /* Sources */ = {
			isa = PBXSourcesBuildPhase;
			buildActionMask = 2147483647;
			files = (
				13003F651B6F5E79005ECFE8 /* NSData+ImageContentType.m in Sources */,
				13003F6B1B6F5E79005ECFE8 /* SDWebImageManager.m in Sources */,
				13E6BF861B7062A5007546C5 /* UIImageView+SDWebImage.m in Sources */,
				13003F701B6F5E79005ECFE8 /* UIImageView+HighlightedWebCache.m in Sources */,
				13003F691B6F5E79005ECFE8 /* SDWebImageDownloader.m in Sources */,
				13003F711B6F5E79005ECFE8 /* UIImageView+WebCache.m in Sources */,
				13003F661B6F5E79005ECFE8 /* SDImageCache.m in Sources */,
				13003F251B6F4F9B005ECFE8 /* TLMainViewController.m in Sources */,
				13003F681B6F5E79005ECFE8 /* SDWebImageDecoder.m in Sources */,
				13003F6F1B6F5E79005ECFE8 /* UIImage+MultiFormat.m in Sources */,
				13003F6A1B6F5E79005ECFE8 /* SDWebImageDownloaderOperation.m in Sources */,
				13003F221B6F4F9B005ECFE8 /* TLAppDelegate.m in Sources */,
				13003F6D1B6F5E79005ECFE8 /* UIButton+WebCache.m in Sources */,
				1306C8091B71B0F900E559CF /* TLCycleScrollView.m in Sources */,
				13003F6C1B6F5E79005ECFE8 /* SDWebImagePrefetcher.m in Sources */,
				13003F671B6F5E79005ECFE8 /* SDWebImageCompat.m in Sources */,
				13003F6E1B6F5E79005ECFE8 /* UIImage+GIF.m in Sources */,
				13003F721B6F5E79005ECFE8 /* UIView+WebCacheOperation.m in Sources */,
				13003F1F1B6F4F9B005ECFE8 /* main.m in Sources */,
			);
			runOnlyForDeploymentPostprocessing = 0;
		};
		13003F2E1B6F4F9B005ECFE8 /* Sources */ = {
			isa = PBXSourcesBuildPhase;
			buildActionMask = 2147483647;
			files = (
				13003F391B6F4F9B005ECFE8 /* TLCycleScrollViewTests.m in Sources */,
			);
			runOnlyForDeploymentPostprocessing = 0;
		};
/* End PBXSourcesBuildPhase section */

/* Begin PBXTargetDependency section */
		13003F341B6F4F9B005ECFE8 /* PBXTargetDependency */ = {
			isa = PBXTargetDependency;
			target = 13003F181B6F4F9B005ECFE8 /* TLCycleScrollView */;
			targetProxy = 13003F331B6F4F9B005ECFE8 /* PBXContainerItemProxy */;
		};
/* End PBXTargetDependency section */

/* Begin PBXVariantGroup section */
		13003F261B6F4F9B005ECFE8 /* Main.storyboard */ = {
			isa = PBXVariantGroup;
			children = (
				13003F271B6F4F9B005ECFE8 /* Base */,
			);
			name = Main.storyboard;
			sourceTree = "<group>";
		};
		13003F2B1B6F4F9B005ECFE8 /* LaunchScreen.xib */ = {
			isa = PBXVariantGroup;
			children = (
				13003F2C1B6F4F9B005ECFE8 /* Base */,
			);
			name = LaunchScreen.xib;
			sourceTree = "<group>";
		};
/* End PBXVariantGroup section */

/* Begin XCBuildConfiguration section */
		13003F3A1B6F4F9B005ECFE8 /* Debug */ = {
			isa = XCBuildConfiguration;
			buildSettings = {
				ALWAYS_SEARCH_USER_PATHS = NO;
				CLANG_CXX_LANGUAGE_STANDARD = "gnu++0x";
				CLANG_CXX_LIBRARY = "libc++";
				CLANG_ENABLE_MODULES = YES;
				CLANG_ENABLE_OBJC_ARC = YES;
				CLANG_WARN_BOOL_CONVERSION = YES;
				CLANG_WARN_CONSTANT_CONVERSION = YES;
				CLANG_WARN_DIRECT_OBJC_ISA_USAGE = YES_ERROR;
				CLANG_WARN_EMPTY_BODY = YES;
				CLANG_WARN_ENUM_CONVERSION = YES;
				CLANG_WARN_INT_CONVERSION = YES;
				CLANG_WARN_OBJC_ROOT_CLASS = YES_ERROR;
				CLANG_WARN_UNREACHABLE_CODE = YES;
				CLANG_WARN__DUPLICATE_METHOD_MATCH = YES;
				"CODE_SIGN_IDENTITY[sdk=iphoneos*]" = "iPhone Developer";
				COPY_PHASE_STRIP = NO;
				DEBUG_INFORMATION_FORMAT = "dwarf-with-dsym";
				ENABLE_STRICT_OBJC_MSGSEND = YES;
				GCC_C_LANGUAGE_STANDARD = gnu99;
				GCC_DYNAMIC_NO_PIC = NO;
				GCC_NO_COMMON_BLOCKS = YES;
				GCC_OPTIMIZATION_LEVEL = 0;
				GCC_PREPROCESSOR_DEFINITIONS = (
					"DEBUG=1",
					"$(inherited)",
				);
				GCC_SYMBOLS_PRIVATE_EXTERN = NO;
				GCC_WARN_64_TO_32_BIT_CONVERSION = YES;
				GCC_WARN_ABOUT_RETURN_TYPE = YES_ERROR;
				GCC_WARN_UNDECLARED_SELECTOR = YES;
				GCC_WARN_UNINITIALIZED_AUTOS = YES_AGGRESSIVE;
				GCC_WARN_UNUSED_FUNCTION = YES;
				GCC_WARN_UNUSED_VARIABLE = YES;
				IPHONEOS_DEPLOYMENT_TARGET = 8.4;
				MTL_ENABLE_DEBUG_INFO = YES;
				ONLY_ACTIVE_ARCH = YES;
				SDKROOT = iphoneos;
			};
			name = Debug;
		};
		13003F3B1B6F4F9B005ECFE8 /* Release */ = {
			isa = XCBuildConfiguration;
			buildSettings = {
				ALWAYS_SEARCH_USER_PATHS = NO;
				CLANG_CXX_LANGUAGE_STANDARD = "gnu++0x";
				CLANG_CXX_LIBRARY = "libc++";
				CLANG_ENABLE_MODULES = YES;
				CLANG_ENABLE_OBJC_ARC = YES;
				CLANG_WARN_BOOL_CONVERSION = YES;
				CLANG_WARN_CONSTANT_CONVERSION = YES;
				CLANG_WARN_DIRECT_OBJC_ISA_USAGE = YES_ERROR;
				CLANG_WARN_EMPTY_BODY = YES;
				CLANG_WARN_ENUM_CONVERSION = YES;
				CLANG_WARN_INT_CONVERSION = YES;
				CLANG_WARN_OBJC_ROOT_CLASS = YES_ERROR;
				CLANG_WARN_UNREACHABLE_CODE = YES;
				CLANG_WARN__DUPLICATE_METHOD_MATCH = YES;
				"CODE_SIGN_IDENTITY[sdk=iphoneos*]" = "iPhone Developer";
				COPY_PHASE_STRIP = NO;
				DEBUG_INFORMATION_FORMAT = "dwarf-with-dsym";
				ENABLE_NS_ASSERTIONS = NO;
				ENABLE_STRICT_OBJC_MSGSEND = YES;
				GCC_C_LANGUAGE_STANDARD = gnu99;
				GCC_NO_COMMON_BLOCKS = YES;
				GCC_WARN_64_TO_32_BIT_CONVERSION = YES;
				GCC_WARN_ABOUT_RETURN_TYPE = YES_ERROR;
				GCC_WARN_UNDECLARED_SELECTOR = YES;
				GCC_WARN_UNINITIALIZED_AUTOS = YES_AGGRESSIVE;
				GCC_WARN_UNUSED_FUNCTION = YES;
				GCC_WARN_UNUSED_VARIABLE = YES;
				IPHONEOS_DEPLOYMENT_TARGET = 8.4;
				MTL_ENABLE_DEBUG_INFO = NO;
				SDKROOT = iphoneos;
				VALIDATE_PRODUCT = YES;
			};
			name = Release;
		};
		13003F3D1B6F4F9B005ECFE8 /* Debug */ = {
			isa = XCBuildConfiguration;
			buildSettings = {
				ASSETCATALOG_COMPILER_APPICON_NAME = AppIcon;
				INFOPLIST_FILE = TLCycleScrollView/Info.plist;
				IPHONEOS_DEPLOYMENT_TARGET = 7.0;
				LD_RUNPATH_SEARCH_PATHS = "$(inherited) @executable_path/Frameworks";
				PRODUCT_NAME = "$(TARGET_NAME)";
			};
			name = Debug;
		};
		13003F3E1B6F4F9B005ECFE8 /* Release */ = {
			isa = XCBuildConfiguration;
			buildSettings = {
				ASSETCATALOG_COMPILER_APPICON_NAME = AppIcon;
				INFOPLIST_FILE = TLCycleScrollView/Info.plist;
				IPHONEOS_DEPLOYMENT_TARGET = 7.0;
				LD_RUNPATH_SEARCH_PATHS = "$(inherited) @executable_path/Frameworks";
				PRODUCT_NAME = "$(TARGET_NAME)";
			};
			name = Release;
		};
		13003F401B6F4F9B005ECFE8 /* Debug */ = {
			isa = XCBuildConfiguration;
			buildSettings = {
				BUNDLE_LOADER = "$(TEST_HOST)";
				FRAMEWORK_SEARCH_PATHS = (
					"$(SDKROOT)/Developer/Library/Frameworks",
					"$(inherited)",
				);
				GCC_PREPROCESSOR_DEFINITIONS = (
					"DEBUG=1",
					"$(inherited)",
				);
				INFOPLIST_FILE = TLCycleScrollViewTests/Info.plist;
				LD_RUNPATH_SEARCH_PATHS = "$(inherited) @executable_path/Frameworks @loader_path/Frameworks";
				PRODUCT_NAME = "$(TARGET_NAME)";
				TEST_HOST = "$(BUILT_PRODUCTS_DIR)/TLCycleScrollView.app/TLCycleScrollView";
			};
			name = Debug;
		};
		13003F411B6F4F9B005ECFE8 /* Release */ = {
			isa = XCBuildConfiguration;
			buildSettings = {
				BUNDLE_LOADER = "$(TEST_HOST)";
				FRAMEWORK_SEARCH_PATHS = (
					"$(SDKROOT)/Developer/Library/Frameworks",
					"$(inherited)",
				);
				INFOPLIST_FILE = TLCycleScrollViewTests/Info.plist;
				LD_RUNPATH_SEARCH_PATHS = "$(inherited) @executable_path/Frameworks @loader_path/Frameworks";
				PRODUCT_NAME = "$(TARGET_NAME)";
				TEST_HOST = "$(BUILT_PRODUCTS_DIR)/TLCycleScrollView.app/TLCycleScrollView";
			};
			name = Release;
		};
/* End XCBuildConfiguration section */

/* Begin XCConfigurationList section */
		13003F141B6F4F9B005ECFE8 /* Build configuration list for PBXProject "TLCycleScrollView" */ = {
			isa = XCConfigurationList;
			buildConfigurations = (
				13003F3A1B6F4F9B005ECFE8 /* Debug */,
				13003F3B1B6F4F9B005ECFE8 /* Release */,
			);
			defaultConfigurationIsVisible = 0;
			defaultConfigurationName = Release;
		};
		13003F3C1B6F4F9B005ECFE8 /* Build configuration list for PBXNativeTarget "TLCycleScrollView" */ = {
			isa = XCConfigurationList;
			buildConfigurations = (
				13003F3D1B6F4F9B005ECFE8 /* Debug */,
				13003F3E1B6F4F9B005ECFE8 /* Release */,
			);
			defaultConfigurationIsVisible = 0;
			defaultConfigurationName = Release;
		};
		13003F3F1B6F4F9B005ECFE8 /* Build configuration list for PBXNativeTarget "TLCycleScrollViewTests" */ = {
			isa = XCConfigurationList;
			buildConfigurations = (
				13003F401B6F4F9B005ECFE8 /* Debug */,
				13003F411B6F4F9B005ECFE8 /* Release */,
			);
			defaultConfigurationIsVisible = 0;
			defaultConfigurationName = Release;
		};
/* End XCConfigurationList section */
	};
	rootObject = 13003F111B6F4F9B005ECFE8 /* Project object */;
}
